{
  "name": "secretbroker",
  "version": "0.1.0",
  "lockfileVersion": 3,
  "requires": true,
  "packages": {
    "": {
      "name": "secretbroker",
      "version": "0.1.0",
      "cpu": [
        "arm64",
        "x64"
      ],
      "license": "MIT",
      "os": [
        "darwin",
        "linux",
        "win32"
      ],
      "bin": {
        "secretbroker": "bin/secretbroker.js"
      },
      "engines": {
        "node": ">=18"
      },
      "optionalDependencies": {
        "secretbroker-darwin-arm64": "0.1.0",
        "secretbroker-darwin-x64": "0.1.0",
        "secretbroker-linux-arm64": "0.1.0",
        "secretbroker-linux-x64": "0.1.0",
        "secretbroker-win32-x64": "0.1.0"
      }
    }
  }
}
